
Microsoft Visual Studio Solution File, Format Version 12.00
# Visual Studio 14
VisualStudioVersion = 14.0.23107.0
MinimumVisualStudioVersion = 10.0.40219.1
Project("{FAE04EC0-301F-11D3-BF4B-00C04F79EFBC}") = "DiscriminatedUnions", "DiscriminatedUnions\DiscriminatedUnions.csproj", "{72E1CD4B-869A-4138-B5CF-A500B2F0572D}"
EndProject
Project("{FAE04EC0-301F-11D3-BF4B-00C04F79EFBC}") = "DiscriminatedUnionsGen", "DiscriminatedUnionsGen\DiscriminatedUnionsGen.csproj", "{64E65A70-86F0-4113-B7AD-2DEF12B9A7BD}"
EndProject
Project("{FAE04EC0-301F-11D3-BF4B-00C04F79EFBC}") = "DiscriminatedUnionsT4", "DiscriminatedUnionsT4\DiscriminatedUnionsT4.csproj", "{D3EB7F58-4A90-40B7-BCCD-92110708C627}"
EndProject
Project("{FAE04EC0-301F-11D3-BF4B-00C04F79EFBC}") = "DiscriminatedUnionsConsole", "DiscriminatedUnionsConsole\DiscriminatedUnionsConsole.csproj", "{8F66DB17-9FA3-4BE5-ADDE-93C7ACD13C0C}"
EndProject
Project("{FAE04EC0-301F-11D3-BF4B-00C04F79EFBC}") = "DiscriminatedUnionsAttributes", "DiscriminatedUnionsAttributes\DiscriminatedUnionsAttributes.csproj", "{E545CE22-E10A-47EA-A6FB-8BF3749CFD0B}"
EndProject
Global
	GlobalSection(SolutionConfigurationPlatforms) = preSolution
		Debug|Any CPU = Debug|Any CPU
		Release|Any CPU = Release|Any CPU
	EndGlobalSection
	GlobalSection(ProjectConfigurationPlatforms) = postSolution
		{72E1CD4B-869A-4138-B5CF-A500B2F0572D}.Debug|Any CPU.ActiveCfg = Debug|Any CPU
		{72E1CD4B-869A-4138-B5CF-A500B2F0572D}.Debug|Any CPU.Build.0 = Debug|Any CPU
		{72E1CD4B-869A-4138-B5CF-A500B2F0572D}.Release|Any CPU.ActiveCfg = Release|Any CPU
		{72E1CD4B-869A-4138-B5CF-A500B2F0572D}.Release|Any CPU.Build.0 = Release|Any CPU
		{64E65A70-86F0-4113-B7AD-2DEF12B9A7BD}.Debug|Any CPU.ActiveCfg = Debug|Any CPU
		{64E65A70-86F0-4113-B7AD-2DEF12B9A7BD}.Debug|Any CPU.Build.0 = Debug|Any CPU
		{64E65A70-86F0-4113-B7AD-2DEF12B9A7BD}.Release|Any CPU.ActiveCfg = Release|Any CPU
		{64E65A70-86F0-4113-B7AD-2DEF12B9A7BD}.Release|Any CPU.Build.0 = Release|Any CPU
		{D3EB7F58-4A90-40B7-BCCD-92110708C627}.Debug|Any CPU.ActiveCfg = Debug|Any CPU
		{D3EB7F58-4A90-40B7-BCCD-92110708C627}.Debug|Any CPU.Build.0 = Debug|Any CPU
		{D3EB7F58-4A90-40B7-BCCD-92110708C627}.Release|Any CPU.ActiveCfg = Release|Any CPU
		{D3EB7F58-4A90-40B7-BCCD-92110708C627}.Release|Any CPU.Build.0 = Release|Any CPU
		{8F66DB17-9FA3-4BE5-ADDE-93C7ACD13C0C}.Debug|Any CPU.ActiveCfg = Debug|Any CPU
		{8F66DB17-9FA3-4BE5-ADDE-93C7ACD13C0C}.Debug|Any CPU.Build.0 = Debug|Any CPU
		{8F66DB17-9FA3-4BE5-ADDE-93C7ACD13C0C}.Release|Any CPU.ActiveCfg = Release|Any CPU
		{8F66DB17-9FA3-4BE5-ADDE-93C7ACD13C0C}.Release|Any CPU.Build.0 = Release|Any CPU
		{E545CE22-E10A-47EA-A6FB-8BF3749CFD0B}.Debug|Any CPU.ActiveCfg = Debug|Any CPU
		{E545CE22-E10A-47EA-A6FB-8BF3749CFD0B}.Debug|Any CPU.Build.0 = Debug|Any CPU
		{E545CE22-E10A-47EA-A6FB-8BF3749CFD0B}.Release|Any CPU.ActiveCfg = Release|Any CPU
		{E545CE22-E10A-47EA-A6FB-8BF3749CFD0B}.Release|Any CPU.Build.0 = Release|Any CPU
	EndGlobalSection
	GlobalSection(SolutionProperties) = preSolution
		HideSolutionNode = FALSE
	EndGlobalSection
EndGlobal
